
Microsoft Visual Studio Solution File, Format Version 12.00
# Visual Studio Version 16
VisualStudioVersion = 16.0.31112.23
MinimumVisualStudioVersion = 10.0.40219.1
Project("{FAE04EC0-301F-11D3-BF4B-00C04F79EFBC}") = "Staff", "Staff\Staff.csproj", "{A9C1D20D-4E18-47C2-8164-4D6A8AAF1AF1}"
EndProject
Global
	GlobalSection(SolutionConfigurationPlatforms) = preSolution
		Debug|Any CPU = Debug|Any CPU
		Release|Any CPU = Release|Any CPU
	EndGlobalSection
	GlobalSection(ProjectConfigurationPlatforms) = postSolution
		{A9C1D20D-4E18-47C2-8164-4D6A8AAF1AF1}.Debug|Any CPU.ActiveCfg = Debug|Any CPU
		{A9C1D20D-4E18-47C2-8164-4D6A8AAF1AF1}.Debug|Any CPU.Build.0 = Debug|Any CPU
		{A9C1D20D-4E18-47C2-8164-4D6A8AAF1AF1}.Release|Any CPU.ActiveCfg = Release|Any CPU
		{A9C1D20D-4E18-47C2-8164-4D6A8AAF1AF1}.Release|Any CPU.Build.0 = Release|Any CPU
	EndGlobalSection
	GlobalSection(SolutionProperties) = preSolution
		HideSolutionNode = FALSE
	EndGlobalSection
	GlobalSection(ExtensibilityGlobals) = postSolution
		SolutionGuid = {7D5D5CE4-759C-4412-A811-01AE7A7ADA67}
	EndGlobalSection
EndGlobal
